
Microsoft Visual Studio Solution File, Format Version 12.00
# Visual Studio Version 16
VisualStudioVersion = 16.0.29503.13
MinimumVisualStudioVersion = 10.0.40219.1
Project("{FAE04EC0-301F-11D3-BF4B-00C04F79EFBC}") = "1220. Count Vowels Permutation", "1220. Count Vowels Permutation\1220. Count Vowels Permutation.csproj", "{5911B290-FF46-42B1-8587-58D90ECA6132}"
EndProject
Global
	GlobalSection(SolutionConfigurationPlatforms) = preSolution
		Debug|Any CPU = Debug|Any CPU
		Release|Any CPU = Release|Any CPU
	EndGlobalSection
	GlobalSection(ProjectConfigurationPlatforms) = postSolution
		{5911B290-FF46-42B1-8587-58D90ECA6132}.Debug|Any CPU.ActiveCfg = Debug|Any CPU
		{5911B290-FF46-42B1-8587-58D90ECA6132}.Debug|Any CPU.Build.0 = Debug|Any CPU
		{5911B290-FF46-42B1-8587-58D90ECA6132}.Release|Any CPU.ActiveCfg = Release|Any CPU
		{5911B290-FF46-42B1-8587-58D90ECA6132}.Release|Any CPU.Build.0 = Release|Any CPU
	EndGlobalSection
	GlobalSection(SolutionProperties) = preSolution
		HideSolutionNode = FALSE
	EndGlobalSection
	GlobalSection(ExtensibilityGlobals) = postSolution
		SolutionGuid = {AC2E3927-292D-430C-B0A7-FDE85A1069A8}
	EndGlobalSection
EndGlobal
